
Microsoft Visual Studio Solution File, Format Version 12.00
# Visual Studio Version 17
VisualStudioVersion = 17.7.34202.233
MinimumVisualStudioVersion = 10.0.40219.1
Project("{54A90642-561A-4BB1-A94E-469ADEE60C69}") = "vueapp", "vueapp\vueapp.esproj", "{D0B87786-981D-4FB7-8128-73F058A6A8E1}"
EndProject
Project("{9A19103F-16F7-4668-BE54-9A1E7A4F7556}") = "webapi", "webapi\webapi.csproj", "{E70EF3AB-DE56-4C8F-9225-4F065F4F2F8D}"
EndProject
Global
	GlobalSection(SolutionConfigurationPlatforms) = preSolution
		Debug|Any CPU = Debug|Any CPU
		Release|Any CPU = Release|Any CPU
	EndGlobalSection
	GlobalSection(ProjectConfigurationPlatforms) = postSolution
		{D0B87786-981D-4FB7-8128-73F058A6A8E1}.Debug|Any CPU.ActiveCfg = Debug|Any CPU
		{D0B87786-981D-4FB7-8128-73F058A6A8E1}.Debug|Any CPU.Build.0 = Debug|Any CPU
		{D0B87786-981D-4FB7-8128-73F058A6A8E1}.Debug|Any CPU.Deploy.0 = Debug|Any CPU
		{D0B87786-981D-4FB7-8128-73F058A6A8E1}.Release|Any CPU.ActiveCfg = Release|Any CPU
		{D0B87786-981D-4FB7-8128-73F058A6A8E1}.Release|Any CPU.Build.0 = Release|Any CPU
		{D0B87786-981D-4FB7-8128-73F058A6A8E1}.Release|Any CPU.Deploy.0 = Release|Any CPU
		{E70EF3AB-DE56-4C8F-9225-4F065F4F2F8D}.Debug|Any CPU.ActiveCfg = Debug|Any CPU
		{E70EF3AB-DE56-4C8F-9225-4F065F4F2F8D}.Debug|Any CPU.Build.0 = Debug|Any CPU
		{E70EF3AB-DE56-4C8F-9225-4F065F4F2F8D}.Release|Any CPU.ActiveCfg = Release|Any CPU
		{E70EF3AB-DE56-4C8F-9225-4F065F4F2F8D}.Release|Any CPU.Build.0 = Release|Any CPU
	EndGlobalSection
	GlobalSection(SolutionProperties) = preSolution
		HideSolutionNode = FALSE
	EndGlobalSection
	GlobalSection(ExtensibilityGlobals) = postSolution
		SolutionGuid = {982DC6C7-7CA0-479B-821C-BD947F90424A}
	EndGlobalSection
EndGlobal
